// !$*UTF8*$!
{
	archiveVersion = 1;
	classes = {
	};
	objectVersion = 50;
	objects = {

/* Begin PBXBuildFile section */
		6C14907C20F87DDB00576570 /* CommentCell.swift in Sources */ = {isa = PBXBuildFile; fileRef = 6C14907B20F87DDB00576570 /* CommentCell.swift */; };
		6C3A897E20EC01090089AD7D /* AntibioticTableCell.swift in Sources */ = {isa = PBXBuildFile; fileRef = 6C3A897D20EC01090089AD7D /* AntibioticTableCell.swift */; };
		6C4BE7F220EBFB0D0002CC24 /* TestResultTableCell.swift in Sources */ = {isa = PBXBuildFile; fileRef = 6C4BE7F120EBFB0D0002CC24 /* TestResultTableCell.swift */; };
		6C5C4C8420F7A8AB00485718 /* CommentsArea.swift in Sources */ = {isa = PBXBuildFile; fileRef = 6C5C4C8320F7A8AB00485718 /* CommentsArea.swift */; };
		6C6998A720E9110B0068F365 /* Database.swift in Sources */ = {isa = PBXBuildFile; fileRef = 6C6998A620E9110B0068F365 /* Database.swift */; };
		6C6998AA20E9115F0068F365 /* AppColorPalette.swift in Sources */ = {isa = PBXBuildFile; fileRef = 6C6998A920E9115F0068F365 /* AppColorPalette.swift */; };
		6C6998AE20E911FE0068F365 /* HeatmapStyle.swift in Sources */ = {isa = PBXBuildFile; fileRef = 6C6998AD20E911FE0068F365 /* HeatmapStyle.swift */; };
		6C6998B020E912480068F365 /* NavigationBarStyle.swift in Sources */ = {isa = PBXBuildFile; fileRef = 6C6998AF20E912480068F365 /* NavigationBarStyle.swift */; };
		6C6998B220E9125B0068F365 /* LoginScreenStyle.swift in Sources */ = {isa = PBXBuildFile; fileRef = 6C6998B120E9125B0068F365 /* LoginScreenStyle.swift */; };
		6C6998B420E912770068F365 /* HomePageStyle.swift in Sources */ = {isa = PBXBuildFile; fileRef = 6C6998B320E912770068F365 /* HomePageStyle.swift */; };
		6C6998B620E912AE0068F365 /* SearchAndBrowseStyle.swift in Sources */ = {isa = PBXBuildFile; fileRef = 6C6998B520E912AE0068F365 /* SearchAndBrowseStyle.swift */; };
		6C6998B820E912E30068F365 /* TestResultsStyle.swift in Sources */ = {isa = PBXBuildFile; fileRef = 6C6998B720E912E30068F365 /* TestResultsStyle.swift */; };
		6C6998BD20E913550068F365 /* LoginController.swift in Sources */ = {isa = PBXBuildFile; fileRef = 6C6998BC20E913550068F365 /* LoginController.swift */; };
		6C6998BF20E913830068F365 /* ScannerController.swift in Sources */ = {isa = PBXBuildFile; fileRef = 6C6998BE20E913830068F365 /* ScannerController.swift */; };
		6C6998C720E914250068F365 /* AlertsSetupController.swift in Sources */ = {isa = PBXBuildFile; fileRef = 6C6998C620E914250068F365 /* AlertsSetupController.swift */; };
		6C6998CB20E914870068F365 /* SearchViewController.swift in Sources */ = {isa = PBXBuildFile; fileRef = 6C6998CA20E914870068F365 /* SearchViewController.swift */; };
		6C6998CE20E914E40068F365 /* LoginView.swift in Sources */ = {isa = PBXBuildFile; fileRef = 6C6998CD20E914E40068F365 /* LoginView.swift */; };
		6C6998D020E914F20068F365 /* HomepageView.swift in Sources */ = {isa = PBXBuildFile; fileRef = 6C6998CF20E914F20068F365 /* HomepageView.swift */; };
		6C6998D620E915500068F365 /* BrowserView.swift in Sources */ = {isa = PBXBuildFile; fileRef = 6C6998D520E915500068F365 /* BrowserView.swift */; };
		6C6998DB20E915D80068F365 /* BarcodeScanner.swift in Sources */ = {isa = PBXBuildFile; fileRef = 6C6998DA20E915D80068F365 /* BarcodeScanner.swift */; };
		6C6998DD20E915EC0068F365 /* Authentication.swift in Sources */ = {isa = PBXBuildFile; fileRef = 6C6998DC20E915EC0068F365 /* Authentication.swift */; };
		6C6998DF20E916410068F365 /* TestResultsQuery.swift in Sources */ = {isa = PBXBuildFile; fileRef = 6C6998DE20E916410068F365 /* TestResultsQuery.swift */; };
		6C6998E120E9165F0068F365 /* TestAlerts.swift in Sources */ = {isa = PBXBuildFile; fileRef = 6C6998E020E9165F0068F365 /* TestAlerts.swift */; };
		6C6998E320E916770068F365 /* Comments.swift in Sources */ = {isa = PBXBuildFile; fileRef = 6C6998E220E916770068F365 /* Comments.swift */; };
		6C6998E520E93A2E0068F365 /* BrowserViewController.swift in Sources */ = {isa = PBXBuildFile; fileRef = 6C6998E420E93A2E0068F365 /* BrowserViewController.swift */; };
		6CAACACE20F52ACE008CE311 /* BalloonMarker.swift in Sources */ = {isa = PBXBuildFile; fileRef = 6CAACACD20F52ACE008CE311 /* BalloonMarker.swift */; };
		6CB9B1E620EAA680008A46CA /* LoginTextField.swift in Sources */ = {isa = PBXBuildFile; fileRef = 6CB9B1E520EAA680008A46CA /* LoginTextField.swift */; };
		6CC56A0C20EF60F3006FBC45 /* TestResultCollectionItem.swift in Sources */ = {isa = PBXBuildFile; fileRef = 6CC56A0B20EF60F3006FBC45 /* TestResultCollectionItem.swift */; };
		6CC56A0E20EFE6A3006FBC45 /* RoundButton.swift in Sources */ = {isa = PBXBuildFile; fileRef = 6CC56A0D20EFE6A3006FBC45 /* RoundButton.swift */; };
		6CC688C820F4845B00E1CE46 /* Heatmap.swift in Sources */ = {isa = PBXBuildFile; fileRef = 6CC688C720F4845B00E1CE46 /* Heatmap.swift */; };
		6CC8397720F293A800768368 /* ReferenceTableViewController.swift in Sources */ = {isa = PBXBuildFile; fileRef = 6CC8397620F293A800768368 /* ReferenceTableViewController.swift */; };
		6CC8397920F2960700768368 /* PageViewController.swift in Sources */ = {isa = PBXBuildFile; fileRef = 6CC8397820F2960700768368 /* PageViewController.swift */; };
		6CC8838B20EDFD3A00106E5B /* JSON in Resources */ = {isa = PBXBuildFile; fileRef = 6CC8838A20EDFD3900106E5B /* JSON */; };
		6CC8838D20EE29E400106E5B /* HomepageViewController.swift in Sources */ = {isa = PBXBuildFile; fileRef = 6CC8838C20EE29E400106E5B /* HomepageViewController.swift */; };
		6CC8838F20EE6A1000106E5B /* SortBrowserController.swift in Sources */ = {isa = PBXBuildFile; fileRef = 6CC8838E20EE6A1000106E5B /* SortBrowserController.swift */; };
		6CC9F11320ECB70B0060EB3E /* TestResultHeader.swift in Sources */ = {isa = PBXBuildFile; fileRef = 6CC9F11220ECB70B0060EB3E /* TestResultHeader.swift */; };
		6CC9F11520ECB7290060EB3E /* TestResultFooter.swift in Sources */ = {isa = PBXBuildFile; fileRef = 6CC9F11420ECB7290060EB3E /* TestResultFooter.swift */; };
		6CCB9AA020F0992C0003B766 /* BacteriaHeaderView.swift in Sources */ = {isa = PBXBuildFile; fileRef = 6CCB9A9F20F0992C0003B766 /* BacteriaHeaderView.swift */; };
		6CCB9AA220F0E4950003B766 /* PriceIndicator.swift in Sources */ = {isa = PBXBuildFile; fileRef = 6CCB9AA120F0E4950003B766 /* PriceIndicator.swift */; };
		6CCC21272104A32A0046E9C0 /* AlarmButton.swift in Sources */ = {isa = PBXBuildFile; fileRef = 6CCC21262104A32A0046E9C0 /* AlarmButton.swift */; };
		6CE4080620F3D8C100E8469D /* CircularStatusIndicator.swift in Sources */ = {isa = PBXBuildFile; fileRef = 6CC60D1620F371450082AD5A /* CircularStatusIndicator.swift */; };
		6CE9F9B520EC20AA002CEDAE /* TestResultViewController.swift in Sources */ = {isa = PBXBuildFile; fileRef = 6CE9F9B420EC20AA002CEDAE /* TestResultViewController.swift */; };
		6CF4024820E8F971001684DC /* AppDelegate.swift in Sources */ = {isa = PBXBuildFile; fileRef = 6CF4024720E8F971001684DC /* AppDelegate.swift */; };
		6CF4024A20E8F971001684DC /* ViewController.swift in Sources */ = {isa = PBXBuildFile; fileRef = 6CF4024920E8F971001684DC /* ViewController.swift */; };
		6CF4024D20E8F971001684DC /* Main.storyboard in Resources */ = {isa = PBXBuildFile; fileRef = 6CF4024B20E8F971001684DC /* Main.storyboard */; };
		6CF4024F20E8F974001684DC /* Assets.xcassets in Resources */ = {isa = PBXBuildFile; fileRef = 6CF4024E20E8F974001684DC /* Assets.xcassets */; };
		6CF4025220E8F974001684DC /* LaunchScreen.storyboard in Resources */ = {isa = PBXBuildFile; fileRef = 6CF4025020E8F974001684DC /* LaunchScreen.storyboard */; };
		72C83735F77E1190257BE2CE /* Pods_AppName.framework in Frameworks */ = {isa = PBXBuildFile; fileRef = 61EB0F973CE3D85F63815FC5 /* Pods_AppName.framework */; };
/* End PBXBuildFile section */

/* Begin PBXFileReference section */
		4DC20BBE87004D521213AA50 /* Pods-AppName.release.xcconfig */ = {isa = PBXFileReference; includeInIndex = 1; lastKnownFileType = text.xcconfig; name = "Pods-AppName.release.xcconfig"; path = "Pods/Target Support Files/Pods-AppName/Pods-AppName.release.xcconfig"; sourceTree = "<group>"; };
		61EB0F973CE3D85F63815FC5 /* Pods_AppName.framework */ = {isa = PBXFileReference; explicitFileType = wrapper.framework; includeInIndex = 0; path = Pods_AppName.framework; sourceTree = BUILT_PRODUCTS_DIR; };
		6C14907B20F87DDB00576570 /* CommentCell.swift */ = {isa = PBXFileReference; lastKnownFileType = sourcecode.swift; path = CommentCell.swift; sourceTree = "<group>"; };
		6C3A897D20EC01090089AD7D /* AntibioticTableCell.swift */ = {isa = PBXFileReference; lastKnownFileType = sourcecode.swift; path = AntibioticTableCell.swift; sourceTree = "<group>"; };
		6C4BE7F120EBFB0D0002CC24 /* TestResultTableCell.swift */ = {isa = PBXFileReference; lastKnownFileType = sourcecode.swift; path = TestResultTableCell.swift; sourceTree = "<group>"; };
		6C5C4C8320F7A8AB00485718 /* CommentsArea.swift */ = {isa = PBXFileReference; lastKnownFileType = sourcecode.swift; path = CommentsArea.swift; sourceTree = "<group>"; };
		6C6998A620E9110B0068F365 /* Database.swift */ = {isa = PBXFileReference; lastKnownFileType = sourcecode.swift; path = Database.swift; sourceTree = "<group>"; };
		6C6998A920E9115F0068F365 /* AppColorPalette.swift */ = {isa = PBXFileReference; lastKnownFileType = sourcecode.swift; path = AppColorPalette.swift; sourceTree = "<group>"; };
		6C6998AD20E911FE0068F365 /* HeatmapStyle.swift */ = {isa = PBXFileReference; lastKnownFileType = sourcecode.swift; path = HeatmapStyle.swift; sourceTree = "<group>"; };
		6C6998AF20E912480068F365 /* NavigationBarStyle.swift */ = {isa = PBXFileReference; lastKnownFileType = sourcecode.swift; path = NavigationBarStyle.swift; sourceTree = "<group>"; };
		6C6998B120E9125B0068F365 /* LoginScreenStyle.swift */ = {isa = PBXFileReference; lastKnownFileType = sourcecode.swift; path = LoginScreenStyle.swift; sourceTree = "<group>"; };
		6C6998B320E912770068F365 /* HomePageStyle.swift */ = {isa = PBXFileReference; lastKnownFileType = sourcecode.swift; path = HomePageStyle.swift; sourceTree = "<group>"; };
		6C6998B520E912AE0068F365 /* SearchAndBrowseStyle.swift */ = {isa = PBXFileReference; lastKnownFileType = sourcecode.swift; path = SearchAndBrowseStyle.swift; sourceTree = "<group>"; };
		6C6998B720E912E30068F365 /* TestResultsStyle.swift */ = {isa = PBXFileReference; lastKnownFileType = sourcecode.swift; path = TestResultsStyle.swift; sourceTree = "<group>"; };
		6C6998BC20E913550068F365 /* LoginController.swift */ = {isa = PBXFileReference; lastKnownFileType = sourcecode.swift; path = LoginController.swift; sourceTree = "<group>"; };
		6C6998BE20E913830068F365 /* ScannerController.swift */ = {isa = PBXFileReference; lastKnownFileType = sourcecode.swift; path = ScannerController.swift; sourceTree = "<group>"; };
		6C6998C620E914250068F365 /* AlertsSetupController.swift */ = {isa = PBXFileReference; lastKnownFileType = sourcecode.swift; path = AlertsSetupController.swift; sourceTree = "<group>"; };
		6C6998CA20E914870068F365 /* SearchViewController.swift */ = {isa = PBXFileReference; lastKnownFileType = sourcecode.swift; path = SearchViewController.swift; sourceTree = "<group>"; };
		6C6998CD20E914E40068F365 /* LoginView.swift */ = {isa = PBXFileReference; lastKnownFileType = sourcecode.swift; path = LoginView.swift; sourceTree = "<group>"; };
		6C6998CF20E914F20068F365 /* HomepageView.swift */ = {isa = PBXFileReference; lastKnownFileType = sourcecode.swift; path = HomepageView.swift; sourceTree = "<group>"; };
		6C6998D520E915500068F365 /* BrowserView.swift */ = {isa = PBXFileReference; lastKnownFileType = sourcecode.swift; path = BrowserView.swift; sourceTree = "<group>"; };
		6C6998DA20E915D80068F365 /* BarcodeScanner.swift */ = {isa = PBXFileReference; lastKnownFileType = sourcecode.swift; path = BarcodeScanner.swift; sourceTree = "<group>"; };
		6C6998DC20E915EC0068F365 /* Authentication.swift */ = {isa = PBXFileReference; lastKnownFileType = sourcecode.swift; path = Authentication.swift; sourceTree = "<group>"; };
		6C6998DE20E916410068F365 /* TestResultsQuery.swift */ = {isa = PBXFileReference; lastKnownFileType = sourcecode.swift; path = TestResultsQuery.swift; sourceTree = "<group>"; };
		6C6998E020E9165F0068F365 /* TestAlerts.swift */ = {isa = PBXFileReference; lastKnownFileType = sourcecode.swift; path = TestAlerts.swift; sourceTree = "<group>"; };
		6C6998E220E916770068F365 /* Comments.swift */ = {isa = PBXFileReference; lastKnownFileType = sourcecode.swift; path = Comments.swift; sourceTree = "<group>"; };
		6C6998E420E93A2E0068F365 /* BrowserViewController.swift */ = {isa = PBXFileReference; lastKnownFileType = sourcecode.swift; path = BrowserViewController.swift; sourceTree = "<group>"; };
		6CAACACD20F52ACE008CE311 /* BalloonMarker.swift */ = {isa = PBXFileReference; fileEncoding = 4; lastKnownFileType = sourcecode.swift; path = BalloonMarker.swift; sourceTree = "<group>"; };
		6CB9B1E520EAA680008A46CA /* LoginTextField.swift */ = {isa = PBXFileReference; lastKnownFileType = sourcecode.swift; path = LoginTextField.swift; sourceTree = "<group>"; };
		6CC56A0B20EF60F3006FBC45 /* TestResultCollectionItem.swift */ = {isa = PBXFileReference; lastKnownFileType = sourcecode.swift; path = TestResultCollectionItem.swift; sourceTree = "<group>"; };
		6CC56A0D20EFE6A3006FBC45 /* RoundButton.swift */ = {isa = PBXFileReference; lastKnownFileType = sourcecode.swift; path = RoundButton.swift; sourceTree = "<group>"; };
		6CC60D1620F371450082AD5A /* CircularStatusIndicator.swift */ = {isa = PBXFileReference; lastKnownFileType = sourcecode.swift; path = CircularStatusIndicator.swift; sourceTree = "<group>"; };
		6CC688C720F4845B00E1CE46 /* Heatmap.swift */ = {isa = PBXFileReference; lastKnownFileType = sourcecode.swift; path = Heatmap.swift; sourceTree = "<group>"; };
		6CC8397620F293A800768368 /* ReferenceTableViewController.swift */ = {isa = PBXFileReference; lastKnownFileType = sourcecode.swift; path = ReferenceTableViewController.swift; sourceTree = "<group>"; };
		6CC8397820F2960700768368 /* PageViewController.swift */ = {isa = PBXFileReference; lastKnownFileType = sourcecode.swift; path = PageViewController.swift; sourceTree = "<group>"; };
		6CC8838A20EDFD3900106E5B /* JSON */ = {isa = PBXFileReference; lastKnownFileType = folder; path = JSON; sourceTree = "<group>"; };
		6CC8838C20EE29E400106E5B /* HomepageViewController.swift */ = {isa = PBXFileReference; lastKnownFileType = sourcecode.swift; path = HomepageViewController.swift; sourceTree = "<group>"; };
		6CC8838E20EE6A1000106E5B /* SortBrowserController.swift */ = {isa = PBXFileReference; lastKnownFileType = sourcecode.swift; path = SortBrowserController.swift; sourceTree = "<group>"; };
		6CC9F11220ECB70B0060EB3E /* TestResultHeader.swift */ = {isa = PBXFileReference; lastKnownFileType = sourcecode.swift; path = TestResultHeader.swift; sourceTree = "<group>"; };
		6CC9F11420ECB7290060EB3E /* TestResultFooter.swift */ = {isa = PBXFileReference; lastKnownFileType = sourcecode.swift; path = TestResultFooter.swift; sourceTree = "<group>"; };
		6CCB9A9F20F0992C0003B766 /* BacteriaHeaderView.swift */ = {isa = PBXFileReference; lastKnownFileType = sourcecode.swift; path = BacteriaHeaderView.swift; sourceTree = "<group>"; };
		6CCB9AA120F0E4950003B766 /* PriceIndicator.swift */ = {isa = PBXFileReference; lastKnownFileType = sourcecode.swift; path = PriceIndicator.swift; sourceTree = "<group>"; };
		6CCC21262104A32A0046E9C0 /* AlarmButton.swift */ = {isa = PBXFileReference; lastKnownFileType = sourcecode.swift; path = AlarmButton.swift; sourceTree = "<group>"; };
		6CE9F9B420EC20AA002CEDAE /* TestResultViewController.swift */ = {isa = PBXFileReference; lastKnownFileType = sourcecode.swift; path = TestResultViewController.swift; sourceTree = "<group>"; };
		6CF4024420E8F971001684DC /* AppName.app */ = {isa = PBXFileReference; explicitFileType = wrapper.application; includeInIndex = 0; path = AppName.app; sourceTree = BUILT_PRODUCTS_DIR; };
		6CF4024720E8F971001684DC /* AppDelegate.swift */ = {isa = PBXFileReference; lastKnownFileType = sourcecode.swift; path = AppDelegate.swift; sourceTree = "<group>"; };
		6CF4024920E8F971001684DC /* ViewController.swift */ = {isa = PBXFileReference; lastKnownFileType = sourcecode.swift; path = ViewController.swift; sourceTree = "<group>"; };
		6CF4024C20E8F971001684DC /* Base */ = {isa = PBXFileReference; lastKnownFileType = file.storyboard; name = Base; path = Base.lproj/Main.storyboard; sourceTree = "<group>"; };
		6CF4024E20E8F974001684DC /* Assets.xcassets */ = {isa = PBXFileReference; lastKnownFileType = folder.assetcatalog; path = Assets.xcassets; sourceTree = "<group>"; };
		6CF4025120E8F974001684DC /* Base */ = {isa = PBXFileReference; lastKnownFileType = file.storyboard; name = Base; path = Base.lproj/LaunchScreen.storyboard; sourceTree = "<group>"; };
		6CF4025320E8F974001684DC /* Info.plist */ = {isa = PBXFileReference; lastKnownFileType = text.plist.xml; path = Info.plist; sourceTree = "<group>"; };
		7BFF618E68EA9B0BF23D1F0A /* Pods-AppName.debug.xcconfig */ = {isa = PBXFileReference; includeInIndex = 1; lastKnownFileType = text.xcconfig; name = "Pods-AppName.debug.xcconfig"; path = "Pods/Target Support Files/Pods-AppName/Pods-AppName.debug.xcconfig"; sourceTree = "<group>"; };
/* End PBXFileReference section */

/* Begin PBXFrameworksBuildPhase section */
		6CF4024120E8F971001684DC /* Frameworks */ = {
			isa = PBXFrameworksBuildPhase;
			buildActionMask = 2147483647;
			files = (
				72C83735F77E1190257BE2CE /* Pods_AppName.framework in Frameworks */,
			);
			runOnlyForDeploymentPostprocessing = 0;
		};
/* End PBXFrameworksBuildPhase section */

/* Begin PBXGroup section */
		6C6998A020E90ED90068F365 /* Source */ = {
			isa = PBXGroup;
			children = (
				6C6998D920E915C00068F365 /* Tools */,
				6C6998CC20E914BE0068F365 /* Views */,
				6C6998B920E9130B0068F365 /* Navigation */,
				6C6998A820E9112F0068F365 /* Stylers */,
				6C6998A120E910230068F365 /* AssetManagers */,
			);
			path = Source;
			sourceTree = "<group>";
		};
		6C6998A120E910230068F365 /* AssetManagers */ = {
			isa = PBXGroup;
			children = (
				6C6998A620E9110B0068F365 /* Database.swift */,
			);
			path = AssetManagers;
			sourceTree = "<group>";
		};
		6C6998A820E9112F0068F365 /* Stylers */ = {
			isa = PBXGroup;
			children = (
				6CAACACD20F52ACE008CE311 /* BalloonMarker.swift */,
				6C6998A920E9115F0068F365 /* AppColorPalette.swift */,
				6C6998AD20E911FE0068F365 /* HeatmapStyle.swift */,
				6C6998AF20E912480068F365 /* NavigationBarStyle.swift */,
				6C6998B120E9125B0068F365 /* LoginScreenStyle.swift */,
				6C6998B320E912770068F365 /* HomePageStyle.swift */,
				6C6998B520E912AE0068F365 /* SearchAndBrowseStyle.swift */,
				6C6998B720E912E30068F365 /* TestResultsStyle.swift */,
				6CB9B1E520EAA680008A46CA /* LoginTextField.swift */,
			);
			path = Stylers;
			sourceTree = "<group>";
		};
		6C6998B920E9130B0068F365 /* Navigation */ = {
			isa = PBXGroup;
			children = (
				6C6998BC20E913550068F365 /* LoginController.swift */,
				6C6998BE20E913830068F365 /* ScannerController.swift */,
				6C6998C620E914250068F365 /* AlertsSetupController.swift */,
				6C6998CA20E914870068F365 /* SearchViewController.swift */,
				6C6998E420E93A2E0068F365 /* BrowserViewController.swift */,
				6CE9F9B420EC20AA002CEDAE /* TestResultViewController.swift */,
				6CC8838C20EE29E400106E5B /* HomepageViewController.swift */,
				6CC8838E20EE6A1000106E5B /* SortBrowserController.swift */,
				6CC8397620F293A800768368 /* ReferenceTableViewController.swift */,
				6CC8397820F2960700768368 /* PageViewController.swift */,
			);
			path = Navigation;
			sourceTree = "<group>";
		};
		6C6998CC20E914BE0068F365 /* Views */ = {
			isa = PBXGroup;
			children = (
				6C6998CD20E914E40068F365 /* LoginView.swift */,
				6C6998CF20E914F20068F365 /* HomepageView.swift */,
				6C6998D520E915500068F365 /* BrowserView.swift */,
				6C4BE7F120EBFB0D0002CC24 /* TestResultTableCell.swift */,
				6C3A897D20EC01090089AD7D /* AntibioticTableCell.swift */,
				6CC9F11220ECB70B0060EB3E /* TestResultHeader.swift */,
				6CC9F11420ECB7290060EB3E /* TestResultFooter.swift */,
				6CC56A0B20EF60F3006FBC45 /* TestResultCollectionItem.swift */,
				6CC56A0D20EFE6A3006FBC45 /* RoundButton.swift */,
				6CCB9A9F20F0992C0003B766 /* BacteriaHeaderView.swift */,
				6CCB9AA120F0E4950003B766 /* PriceIndicator.swift */,
				6CC60D1620F371450082AD5A /* CircularStatusIndicator.swift */,
				6CC688C720F4845B00E1CE46 /* Heatmap.swift */,
				6C5C4C8320F7A8AB00485718 /* CommentsArea.swift */,
				6C14907B20F87DDB00576570 /* CommentCell.swift */,
				6CCC21262104A32A0046E9C0 /* AlarmButton.swift */,
			);
			path = Views;
			sourceTree = "<group>";
		};
		6C6998D920E915C00068F365 /* Tools */ = {
			isa = PBXGroup;
			children = (
				6C6998DA20E915D80068F365 /* BarcodeScanner.swift */,
				6C6998DC20E915EC0068F365 /* Authentication.swift */,
				6C6998DE20E916410068F365 /* TestResultsQuery.swift */,
				6C6998E020E9165F0068F365 /* TestAlerts.swift */,
				6C6998E220E916770068F365 /* Comments.swift */,
			);
			path = Tools;
			sourceTree = "<group>";
		};
		6CF4023B20E8F971001684DC = {
			isa = PBXGroup;
			children = (
				6CF4024620E8F971001684DC /* AppName */,
				6CF4024520E8F971001684DC /* Products */,
				9C755E7023FF39B44D4C2A16 /* Pods */,
				B7E0A0DA51D0C94F5C705E39 /* Frameworks */,
			);
			sourceTree = "<group>";
		};
		6CF4024520E8F971001684DC /* Products */ = {
			isa = PBXGroup;
			children = (
				6CF4024420E8F971001684DC /* AppName.app */,
			);
			name = Products;
			sourceTree = "<group>";
		};
		6CF4024620E8F971001684DC /* AppName */ = {
			isa = PBXGroup;
			children = (
				6CC8838A20EDFD3900106E5B /* JSON */,
				6C6998A020E90ED90068F365 /* Source */,
				6CF4024720E8F971001684DC /* AppDelegate.swift */,
				6CF4024920E8F971001684DC /* ViewController.swift */,
				6CF4024B20E8F971001684DC /* Main.storyboard */,
				6CF4024E20E8F974001684DC /* Assets.xcassets */,
				6CF4025020E8F974001684DC /* LaunchScreen.storyboard */,
				6CF4025320E8F974001684DC /* Info.plist */,
			);
			path = AppName;
			sourceTree = "<group>";
		};
		9C755E7023FF39B44D4C2A16 /* Pods */ = {
			isa = PBXGroup;
			children = (
				7BFF618E68EA9B0BF23D1F0A /* Pods-AppName.debug.xcconfig */,
				4DC20BBE87004D521213AA50 /* Pods-AppName.release.xcconfig */,
			);
			name = Pods;
			sourceTree = "<group>";
		};
		B7E0A0DA51D0C94F5C705E39 /* Frameworks */ = {
			isa = PBXGroup;
			children = (
				61EB0F973CE3D85F63815FC5 /* Pods_AppName.framework */,
			);
			name = Frameworks;
			sourceTree = "<group>";
		};
/* End PBXGroup section */

/* Begin PBXNativeTarget section */
		6CF4024320E8F971001684DC /* AppName */ = {
			isa = PBXNativeTarget;
			buildConfigurationList = 6CF4025620E8F974001684DC /* Build configuration list for PBXNativeTarget "AppName" */;
			buildPhases = (
				4FF1F9F966B4BA2E15EE2B2B /* [CP] Check Pods Manifest.lock */,
				6CF4024020E8F971001684DC /* Sources */,
				6CF4024120E8F971001684DC /* Frameworks */,
				6CF4024220E8F971001684DC /* Resources */,
				436C1E5B4ED771F7FEB720EC /* [CP] Embed Pods Frameworks */,
			);
			buildRules = (
			);
			dependencies = (
			);
			name = AppName;
			productName = AppName;
			productReference = 6CF4024420E8F971001684DC /* AppName.app */;
			productType = "com.apple.product-type.application";
		};
/* End PBXNativeTarget section */

/* Begin PBXProject section */
		6CF4023C20E8F971001684DC /* Project object */ = {
			isa = PBXProject;
			attributes = {
				LastSwiftUpdateCheck = 0940;
				LastUpgradeCheck = 0940;
				ORGANIZATIONNAME = "Aglaia Feli";
				TargetAttributes = {
					6CF4024320E8F971001684DC = {
						CreatedOnToolsVersion = 9.4.1;
					};
				};
			};
			buildConfigurationList = 6CF4023F20E8F971001684DC /* Build configuration list for PBXProject "AppName" */;
			compatibilityVersion = "Xcode 9.3";
			developmentRegion = en;
			hasScannedForEncodings = 0;
			knownRegions = (
				en,
				Base,
			);
			mainGroup = 6CF4023B20E8F971001684DC;
			productRefGroup = 6CF4024520E8F971001684DC /* Products */;
			projectDirPath = "";
			projectRoot = "";
			targets = (
				6CF4024320E8F971001684DC /* AppName */,
			);
		};
/* End PBXProject section */

/* Begin PBXResourcesBuildPhase section */
		6CF4024220E8F971001684DC /* Resources */ = {
			isa = PBXResourcesBuildPhase;
			buildActionMask = 2147483647;
			files = (
				6CF4025220E8F974001684DC /* LaunchScreen.storyboard in Resources */,
				6CF4024F20E8F974001684DC /* Assets.xcassets in Resources */,
				6CC8838B20EDFD3A00106E5B /* JSON in Resources */,
				6CF4024D20E8F971001684DC /* Main.storyboard in Resources */,
			);
			runOnlyForDeploymentPostprocessing = 0;
		};
/* End PBXResourcesBuildPhase section */

/* Begin PBXShellScriptBuildPhase section */
		436C1E5B4ED771F7FEB720EC /* [CP] Embed Pods Frameworks */ = {
			isa = PBXShellScriptBuildPhase;
			buildActionMask = 2147483647;
			files = (
			);
			inputPaths = (
				"${SRCROOT}/Pods/Target Support Files/Pods-AppName/Pods-AppName-frameworks.sh",
				"${BUILT_PRODUCTS_DIR}/Charts/Charts.framework",
			);
			name = "[CP] Embed Pods Frameworks";
			outputPaths = (
				"${TARGET_BUILD_DIR}/${FRAMEWORKS_FOLDER_PATH}/Charts.framework",
			);
			runOnlyForDeploymentPostprocessing = 0;
			shellPath = /bin/sh;
			shellScript = "\"${SRCROOT}/Pods/Target Support Files/Pods-AppName/Pods-AppName-frameworks.sh\"\n";
			showEnvVarsInLog = 0;
		};
		4FF1F9F966B4BA2E15EE2B2B /* [CP] Check Pods Manifest.lock */ = {
			isa = PBXShellScriptBuildPhase;
			buildActionMask = 2147483647;
			files = (
			);
			inputPaths = (
				"${PODS_PODFILE_DIR_PATH}/Podfile.lock",
				"${PODS_ROOT}/Manifest.lock",
			);
			name = "[CP] Check Pods Manifest.lock";
			outputPaths = (
				"$(DERIVED_FILE_DIR)/Pods-AppName-checkManifestLockResult.txt",
			);
			runOnlyForDeploymentPostprocessing = 0;
			shellPath = /bin/sh;
			shellScript = "diff \"${PODS_PODFILE_DIR_PATH}/Podfile.lock\" \"${PODS_ROOT}/Manifest.lock\" > /dev/null\nif [ $? != 0 ] ; then\n    # print error to STDERR\n    echo \"error: The sandbox is not in sync with the Podfile.lock. Run 'pod install' or update your CocoaPods installation.\" >&2\n    exit 1\nfi\n# This output is used by Xcode 'outputs' to avoid re-running this script phase.\necho \"SUCCESS\" > \"${SCRIPT_OUTPUT_FILE_0}\"\n";
			showEnvVarsInLog = 0;
		};
/* End PBXShellScriptBuildPhase section */

/* Begin PBXSourcesBuildPhase section */
		6CF4024020E8F971001684DC /* Sources */ = {
			isa = PBXSourcesBuildPhase;
			buildActionMask = 2147483647;
			files = (
				6C6998DB20E915D80068F365 /* BarcodeScanner.swift in Sources */,
				6CC8397720F293A800768368 /* ReferenceTableViewController.swift in Sources */,
				6CC9F11320ECB70B0060EB3E /* TestResultHeader.swift in Sources */,
				6CC9F11520ECB7290060EB3E /* TestResultFooter.swift in Sources */,
				6C6998AE20E911FE0068F365 /* HeatmapStyle.swift in Sources */,
				6CCB9AA020F0992C0003B766 /* BacteriaHeaderView.swift in Sources */,
				6C6998C720E914250068F365 /* AlertsSetupController.swift in Sources */,
				6CC8838F20EE6A1000106E5B /* SortBrowserController.swift in Sources */,
				6CAACACE20F52ACE008CE311 /* BalloonMarker.swift in Sources */,
				6CC56A0C20EF60F3006FBC45 /* TestResultCollectionItem.swift in Sources */,
				6C6998CB20E914870068F365 /* SearchViewController.swift in Sources */,
				6C6998CE20E914E40068F365 /* LoginView.swift in Sources */,
				6C6998B020E912480068F365 /* NavigationBarStyle.swift in Sources */,
				6C6998A720E9110B0068F365 /* Database.swift in Sources */,
				6C6998B420E912770068F365 /* HomePageStyle.swift in Sources */,
				6C6998DF20E916410068F365 /* TestResultsQuery.swift in Sources */,
				6C6998D620E915500068F365 /* BrowserView.swift in Sources */,
				6C6998B620E912AE0068F365 /* SearchAndBrowseStyle.swift in Sources */,
				6C6998B220E9125B0068F365 /* LoginScreenStyle.swift in Sources */,
				6C5C4C8420F7A8AB00485718 /* CommentsArea.swift in Sources */,
				6CF4024A20E8F971001684DC /* ViewController.swift in Sources */,
				6CF4024820E8F971001684DC /* AppDelegate.swift in Sources */,
				6CCB9AA220F0E4950003B766 /* PriceIndicator.swift in Sources */,
				6CCC21272104A32A0046E9C0 /* AlarmButton.swift in Sources */,
				6C6998BF20E913830068F365 /* ScannerController.swift in Sources */,
				6CC688C820F4845B00E1CE46 /* Heatmap.swift in Sources */,
				6C4BE7F220EBFB0D0002CC24 /* TestResultTableCell.swift in Sources */,
				6C3A897E20EC01090089AD7D /* AntibioticTableCell.swift in Sources */,
				6CE4080620F3D8C100E8469D /* CircularStatusIndicator.swift in Sources */,
				6C6998E520E93A2E0068F365 /* BrowserViewController.swift in Sources */,
				6CC8838D20EE29E400106E5B /* HomepageViewController.swift in Sources */,
				6CB9B1E620EAA680008A46CA /* LoginTextField.swift in Sources */,
				6CC56A0E20EFE6A3006FBC45 /* RoundButton.swift in Sources */,
				6C14907C20F87DDB00576570 /* CommentCell.swift in Sources */,
				6C6998E120E9165F0068F365 /* TestAlerts.swift in Sources */,
				6C6998DD20E915EC0068F365 /* Authentication.swift in Sources */,
				6CC8397920F2960700768368 /* PageViewController.swift in Sources */,
				6C6998E320E916770068F365 /* Comments.swift in Sources */,
				6C6998BD20E913550068F365 /* LoginController.swift in Sources */,
				6C6998D020E914F20068F365 /* HomepageView.swift in Sources */,
				6CE9F9B520EC20AA002CEDAE /* TestResultViewController.swift in Sources */,
				6C6998B820E912E30068F365 /* TestResultsStyle.swift in Sources */,
				6C6998AA20E9115F0068F365 /* AppColorPalette.swift in Sources */,
			);
			runOnlyForDeploymentPostprocessing = 0;
		};
/* End PBXSourcesBuildPhase section */

/* Begin PBXVariantGroup section */
		6CF4024B20E8F971001684DC /* Main.storyboard */ = {
			isa = PBXVariantGroup;
			children = (
				6CF4024C20E8F971001684DC /* Base */,
			);
			name = Main.storyboard;
			sourceTree = "<group>";
		};
		6CF4025020E8F974001684DC /* LaunchScreen.storyboard */ = {
			isa = PBXVariantGroup;
			children = (
				6CF4025120E8F974001684DC /* Base */,
			);
			name = LaunchScreen.storyboard;
			sourceTree = "<group>";
		};
/* End PBXVariantGroup section */

/* Begin XCBuildConfiguration section */
		6CF4025420E8F974001684DC /* Debug */ = {
			isa = XCBuildConfiguration;
			buildSettings = {
				ALWAYS_SEARCH_USER_PATHS = NO;
				CLANG_ANALYZER_NONNULL = YES;
				CLANG_ANALYZER_NUMBER_OBJECT_CONVERSION = YES_AGGRESSIVE;
				CLANG_CXX_LANGUAGE_STANDARD = "gnu++14";
				CLANG_CXX_LIBRARY = "libc++";
				CLANG_ENABLE_MODULES = YES;
				CLANG_ENABLE_OBJC_ARC = YES;
				CLANG_ENABLE_OBJC_WEAK = YES;
				CLANG_WARN_BLOCK_CAPTURE_AUTORELEASING = YES;
				CLANG_WARN_BOOL_CONVERSION = YES;
				CLANG_WARN_COMMA = YES;
				CLANG_WARN_CONSTANT_CONVERSION = YES;
				CLANG_WARN_DEPRECATED_OBJC_IMPLEMENTATIONS = YES;
				CLANG_WARN_DIRECT_OBJC_ISA_USAGE = YES_ERROR;
				CLANG_WARN_DOCUMENTATION_COMMENTS = YES;
				CLANG_WARN_EMPTY_BODY = YES;
				CLANG_WARN_ENUM_CONVERSION = YES;
				CLANG_WARN_INFINITE_RECURSION = YES;
				CLANG_WARN_INT_CONVERSION = YES;
				CLANG_WARN_NON_LITERAL_NULL_CONVERSION = YES;
				CLANG_WARN_OBJC_IMPLICIT_RETAIN_SELF = YES;
				CLANG_WARN_OBJC_LITERAL_CONVERSION = YES;
				CLANG_WARN_OBJC_ROOT_CLASS = YES_ERROR;
				CLANG_WARN_RANGE_LOOP_ANALYSIS = YES;
				CLANG_WARN_STRICT_PROTOTYPES = YES;
				CLANG_WARN_SUSPICIOUS_MOVE = YES;
				CLANG_WARN_UNGUARDED_AVAILABILITY = YES_AGGRESSIVE;
				CLANG_WARN_UNREACHABLE_CODE = YES;
				CLANG_WARN__DUPLICATE_METHOD_MATCH = YES;
				CODE_SIGN_IDENTITY = "iPhone Developer";
				COPY_PHASE_STRIP = NO;
				DEBUG_INFORMATION_FORMAT = dwarf;
				ENABLE_STRICT_OBJC_MSGSEND = YES;
				ENABLE_TESTABILITY = YES;
				GCC_C_LANGUAGE_STANDARD = gnu11;
				GCC_DYNAMIC_NO_PIC = NO;
				GCC_NO_COMMON_BLOCKS = YES;
				GCC_OPTIMIZATION_LEVEL = 0;
				GCC_PREPROCESSOR_DEFINITIONS = (
					"DEBUG=1",
					"$(inherited)",
				);
				GCC_WARN_64_TO_32_BIT_CONVERSION = YES;
				GCC_WARN_ABOUT_RETURN_TYPE = YES_ERROR;
				GCC_WARN_UNDECLARED_SELECTOR = YES;
				GCC_WARN_UNINITIALIZED_AUTOS = YES_AGGRESSIVE;
				GCC_WARN_UNUSED_FUNCTION = YES;
				GCC_WARN_UNUSED_VARIABLE = YES;
				IPHONEOS_DEPLOYMENT_TARGET = 11.4;
				MTL_ENABLE_DEBUG_INFO = YES;
				ONLY_ACTIVE_ARCH = YES;
				SDKROOT = iphoneos;
				SWIFT_ACTIVE_COMPILATION_CONDITIONS = DEBUG;
				SWIFT_OPTIMIZATION_LEVEL = "-Onone";
			};
			name = Debug;
		};
		6CF4025520E8F974001684DC /* Release */ = {
			isa = XCBuildConfiguration;
			buildSettings = {
				ALWAYS_SEARCH_USER_PATHS = NO;
				CLANG_ANALYZER_NONNULL = YES;
				CLANG_ANALYZER_NUMBER_OBJECT_CONVERSION = YES_AGGRESSIVE;
				CLANG_CXX_LANGUAGE_STANDARD = "gnu++14";
				CLANG_CXX_LIBRARY = "libc++";
				CLANG_ENABLE_MODULES = YES;
				CLANG_ENABLE_OBJC_ARC = YES;
				CLANG_ENABLE_OBJC_WEAK = YES;
				CLANG_WARN_BLOCK_CAPTURE_AUTORELEASING = YES;
				CLANG_WARN_BOOL_CONVERSION = YES;
				CLANG_WARN_COMMA = YES;
				CLANG_WARN_CONSTANT_CONVERSION = YES;
				CLANG_WARN_DEPRECATED_OBJC_IMPLEMENTATIONS = YES;
				CLANG_WARN_DIRECT_OBJC_ISA_USAGE = YES_ERROR;
				CLANG_WARN_DOCUMENTATION_COMMENTS = YES;
				CLANG_WARN_EMPTY_BODY = YES;
				CLANG_WARN_ENUM_CONVERSION = YES;
				CLANG_WARN_INFINITE_RECURSION = YES;
				CLANG_WARN_INT_CONVERSION = YES;
				CLANG_WARN_NON_LITERAL_NULL_CONVERSION = YES;
				CLANG_WARN_OBJC_IMPLICIT_RETAIN_SELF = YES;
				CLANG_WARN_OBJC_LITERAL_CONVERSION = YES;
				CLANG_WARN_OBJC_ROOT_CLASS = YES_ERROR;
				CLANG_WARN_RANGE_LOOP_ANALYSIS = YES;
				CLANG_WARN_STRICT_PROTOTYPES = YES;
				CLANG_WARN_SUSPICIOUS_MOVE = YES;
				CLANG_WARN_UNGUARDED_AVAILABILITY = YES_AGGRESSIVE;
				CLANG_WARN_UNREACHABLE_CODE = YES;
				CLANG_WARN__DUPLICATE_METHOD_MATCH = YES;
				CODE_SIGN_IDENTITY = "iPhone Developer";
				COPY_PHASE_STRIP = NO;
				DEBUG_INFORMATION_FORMAT = "dwarf-with-dsym";
				ENABLE_NS_ASSERTIONS = NO;
				ENABLE_STRICT_OBJC_MSGSEND = YES;
				GCC_C_LANGUAGE_STANDARD = gnu11;
				GCC_NO_COMMON_BLOCKS = YES;
				GCC_WARN_64_TO_32_BIT_CONVERSION = YES;
				GCC_WARN_ABOUT_RETURN_TYPE = YES_ERROR;
				GCC_WARN_UNDECLARED_SELECTOR = YES;
				GCC_WARN_UNINITIALIZED_AUTOS = YES_AGGRESSIVE;
				GCC_WARN_UNUSED_FUNCTION = YES;
				GCC_WARN_UNUSED_VARIABLE = YES;
				IPHONEOS_DEPLOYMENT_TARGET = 11.4;
				MTL_ENABLE_DEBUG_INFO = NO;
				SDKROOT = iphoneos;
				SWIFT_COMPILATION_MODE = wholemodule;
				SWIFT_OPTIMIZATION_LEVEL = "-O";
				VALIDATE_PRODUCT = YES;
			};
			name = Release;
		};
		6CF4025720E8F974001684DC /* Debug */ = {
			isa = XCBuildConfiguration;
			baseConfigurationReference = 7BFF618E68EA9B0BF23D1F0A /* Pods-AppName.debug.xcconfig */;
			buildSettings = {
				ASSETCATALOG_COMPILER_APPICON_NAME = AppIcon;
				CODE_SIGN_STYLE = Automatic;
				INFOPLIST_FILE = AppName/Info.plist;
				LD_RUNPATH_SEARCH_PATHS = (
					"$(inherited)",
					"@executable_path/Frameworks",
				);
				PRODUCT_BUNDLE_IDENTIFIER = com.AglaiaFeli.AppName;
				PRODUCT_NAME = "$(TARGET_NAME)";
				SWIFT_VERSION = 4.0;
				TARGETED_DEVICE_FAMILY = 2;
			};
			name = Debug;
		};
		6CF4025820E8F974001684DC /* Release */ = {
			isa = XCBuildConfiguration;
			baseConfigurationReference = 4DC20BBE87004D521213AA50 /* Pods-AppName.release.xcconfig */;
			buildSettings = {
				ASSETCATALOG_COMPILER_APPICON_NAME = AppIcon;
				CODE_SIGN_STYLE = Automatic;
				INFOPLIST_FILE = AppName/Info.plist;
				LD_RUNPATH_SEARCH_PATHS = (
					"$(inherited)",
					"@executable_path/Frameworks",
				);
				PRODUCT_BUNDLE_IDENTIFIER = com.AglaiaFeli.AppName;
				PRODUCT_NAME = "$(TARGET_NAME)";
				SWIFT_VERSION = 4.0;
				TARGETED_DEVICE_FAMILY = 2;
			};
			name = Release;
		};
/* End XCBuildConfiguration section */

/* Begin XCConfigurationList section */
		6CF4023F20E8F971001684DC /* Build configuration list for PBXProject "AppName" */ = {
			isa = XCConfigurationList;
			buildConfigurations = (
				6CF4025420E8F974001684DC /* Debug */,
				6CF4025520E8F974001684DC /* Release */,
			);
			defaultConfigurationIsVisible = 0;
			defaultConfigurationName = Release;
		};
		6CF4025620E8F974001684DC /* Build configuration list for PBXNativeTarget "AppName" */ = {
			isa = XCConfigurationList;
			buildConfigurations = (
				6CF4025720E8F974001684DC /* Debug */,
				6CF4025820E8F974001684DC /* Release */,
			);
			defaultConfigurationIsVisible = 0;
			defaultConfigurationName = Release;
		};
/* End XCConfigurationList section */
	};
	rootObject = 6CF4023C20E8F971001684DC /* Project object */;
}
